
Microsoft Visual Studio Solution File, Format Version 12.00
# Visual Studio Version 17
VisualStudioVersion = 17.0.31903.59
MinimumVisualStudioVersion = 10.0.40219.1
Project("{9A19103F-16F7-4668-BE54-9A1E7A4F7556}") = "Financial.Api", "Financial.Api\Financial.Api.csproj", "{6EA129AE-547F-4E5B-8B26-854A7437104A}"
EndProject
Project("{9A19103F-16F7-4668-BE54-9A1E7A4F7556}") = "Financial.Core", "Financial.Core\Financial.Core.csproj", "{A14048F5-2551-4DE9-A6D0-CF3DEAB4B9FB}"
EndProject
Project("{9A19103F-16F7-4668-BE54-9A1E7A4F7556}") = "Financial.App", "Financial.App\Financial.App.csproj", "{DE1F0AE7-DCDB-4244-898C-0C6B333335F0}"
EndProject
Global
	GlobalSection(SolutionConfigurationPlatforms) = preSolution
		Debug|Any CPU = Debug|Any CPU
		Release|Any CPU = Release|Any CPU
	EndGlobalSection
	GlobalSection(ProjectConfigurationPlatforms) = postSolution
		{6EA129AE-547F-4E5B-8B26-854A7437104A}.Debug|Any CPU.ActiveCfg = Debug|Any CPU
		{6EA129AE-547F-4E5B-8B26-854A7437104A}.Debug|Any CPU.Build.0 = Debug|Any CPU
		{6EA129AE-547F-4E5B-8B26-854A7437104A}.Release|Any CPU.ActiveCfg = Release|Any CPU
		{6EA129AE-547F-4E5B-8B26-854A7437104A}.Release|Any CPU.Build.0 = Release|Any CPU
		{A14048F5-2551-4DE9-A6D0-CF3DEAB4B9FB}.Debug|Any CPU.ActiveCfg = Debug|Any CPU
		{A14048F5-2551-4DE9-A6D0-CF3DEAB4B9FB}.Debug|Any CPU.Build.0 = Debug|Any CPU
		{A14048F5-2551-4DE9-A6D0-CF3DEAB4B9FB}.Release|Any CPU.ActiveCfg = Release|Any CPU
		{A14048F5-2551-4DE9-A6D0-CF3DEAB4B9FB}.Release|Any CPU.Build.0 = Release|Any CPU
		{DE1F0AE7-DCDB-4244-898C-0C6B333335F0}.Debug|Any CPU.ActiveCfg = Debug|Any CPU
		{DE1F0AE7-DCDB-4244-898C-0C6B333335F0}.Debug|Any CPU.Build.0 = Debug|Any CPU
		{DE1F0AE7-DCDB-4244-898C-0C6B333335F0}.Release|Any CPU.ActiveCfg = Release|Any CPU
		{DE1F0AE7-DCDB-4244-898C-0C6B333335F0}.Release|Any CPU.Build.0 = Release|Any CPU
	EndGlobalSection
	GlobalSection(SolutionProperties) = preSolution
		HideSolutionNode = FALSE
	EndGlobalSection
EndGlobal
